{
    "version": 3,
    "terraform_version": "0.10.8",
    "serial": 2,
    "lineage": "eadf3739-2448-420d-9cdb-5fbd9295bd39",
    "modules": [
        {
            "path": [
                "root"
            ],
            "outputs": {
                "bucket-url": {
                    "sensitive": false,
                    "type": "string",
                    "value": "par-media-bucket.s3.amazonaws.com"
                }
            },
            "resources": {},
            "depends_on": []
        },
        {
            "path": [
                "root",
                "buckets"
            ],
            "outputs": {
                "url": {
                    "sensitive": false,
                    "type": "string",
                    "value": "par-media-bucket.s3.amazonaws.com"
                }
            },
            "resources": {
                "aws_s3_bucket.media": {
                    "type": "aws_s3_bucket",
                    "depends_on": [],
                    "primary": {
                        "id": "par-media-bucket",
                        "attributes": {
                            "acceleration_status": "",
                            "acl": "private",
                            "arn": "arn:aws:s3:::par-media-bucket",
                            "bucket": "par-media-bucket",
                            "bucket_domain_name": "par-media-bucket.s3.amazonaws.com",
                            "force_destroy": "false",
                            "hosted_zone_id": "Z3AQBSTGFYJSTF",
                            "id": "par-media-bucket",
                            "logging.#": "0",
                            "region": "us-east-1",
                            "request_payer": "BucketOwner",
                            "tags.%": "1",
                            "tags.name": "ParivedaSolutions Media",
                            "versioning.#": "1",
                            "versioning.0.enabled": "false",
                            "versioning.0.mfa_delete": "false",
                            "website.#": "0"
                        },
                        "meta": {},
                        "tainted": false
                    },
                    "deposed": [],
                    "provider": ""
                },
                "aws_s3_bucket_policy.media_access": {
                    "type": "aws_s3_bucket_policy",
                    "depends_on": [
                        "aws_s3_bucket.media"
                    ],
                    "primary": {
                        "id": "par-media-bucket",
                        "attributes": {
                            "bucket": "par-media-bucket",
                            "id": "par-media-bucket",
                            "policy": "{\n  \"Version\": \"2008-10-17\",\n  \"Statement\": [\n    {\n      \"Sid\": \"MediaAccess\",\n      \"Effect\": \"Allow\",\n      \"Principal\": {\n        \"AWS\": \"*\"\n      },\n      \"Action\": \"s3:GetObject\",\n      \"Resource\": \"arn:aws:s3:::par-media-bucket/*\",\n      \"Condition\": {\n        \"StringLike\": {\n          \"aws:Referer\": [\"https://*.parivedasolutions.com/*\", \"http://localhost:3000\"]\n        }\n      }\n    }\n  ]\n}\n"
                        },
                        "meta": {},
                        "tainted": false
                    },
                    "deposed": [],
                    "provider": ""
                }
            },
            "depends_on": []
        }
    ]
}
